// !$*UTF8*$!
{
	archiveVersion = 1;
	classes = {
	};
	objectVersion = 51;
	objects = {

/* Begin PBXBuildFile section */
		033A9F30252D860100BC26E1 /* JoinChannelAudio.storyboard in Resources */ = {isa = PBXBuildFile; fileRef = 033A9F32252D860100BC26E1 /* JoinChannelAudio.storyboard */; };
		0371D8AE250B4A2C00C0DD61 /* JoinChannelAudio.swift in Sources */ = {isa = PBXBuildFile; fileRef = 0371D8AD250B4A2C00C0DD61 /* JoinChannelAudio.swift */; };
		03BCEC50244938C500ED7177 /* BaseViewController.swift in Sources */ = {isa = PBXBuildFile; fileRef = 03BCEC4F244938C500ED7177 /* BaseViewController.swift */; };
		03BCEC762449EB5000ED7177 /* LogViewController.swift in Sources */ = {isa = PBXBuildFile; fileRef = 03BCEC752449EB4F00ED7177 /* LogViewController.swift */; };
		03D13BD02448758900B599B3 /* AppDelegate.swift in Sources */ = {isa = PBXBuildFile; fileRef = 03D13BCF2448758900B599B3 /* AppDelegate.swift */; };
		03D13BD42448758900B599B3 /* ViewController.swift in Sources */ = {isa = PBXBuildFile; fileRef = 03D13BD32448758900B599B3 /* ViewController.swift */; };
		03D13BD72448758900B599B3 /* Main.storyboard in Resources */ = {isa = PBXBuildFile; fileRef = 03D13BD52448758900B599B3 /* Main.storyboard */; };
		03D13BD92448758B00B599B3 /* Assets.xcassets in Resources */ = {isa = PBXBuildFile; fileRef = 03D13BD82448758B00B599B3 /* Assets.xcassets */; };
		03D13BDC2448758B00B599B3 /* LaunchScreen.storyboard in Resources */ = {isa = PBXBuildFile; fileRef = 03D13BDA2448758B00B599B3 /* LaunchScreen.storyboard */; };
		03D13C0124488F1F00B599B3 /* KeyCenter.swift in Sources */ = {isa = PBXBuildFile; fileRef = 03D13C0024488F1E00B599B3 /* KeyCenter.swift */; };
		03F8733224C8696600EDB1A3 /* EntryViewController.swift in Sources */ = {isa = PBXBuildFile; fileRef = 03F8733124C8696600EDB1A3 /* EntryViewController.swift */; };
		2955B7420E64AB6C858824F7 /* Pods_VoiceChat_With_Local_Recording.framework in Frameworks */ = {isa = PBXBuildFile; fileRef = 414CEB70BB4BD00294B14DA1 /* Pods_VoiceChat_With_Local_Recording.framework */; };
		576EA59025AEDD3C000B3D79 /* (null) in Sources */ = {isa = PBXBuildFile; };
		8407E0942472320800AC5DE8 /* (null) in Sources */ = {isa = PBXBuildFile; };
		8B349FE32681E2CE007247F2 /* agora-logo.png in Resources */ = {isa = PBXBuildFile; fileRef = 8B349FE22681E2CE007247F2 /* agora-logo.png */; };
		A7847F922458062900469187 /* StatisticsInfo.swift in Sources */ = {isa = PBXBuildFile; fileRef = A7847F912458062900469187 /* StatisticsInfo.swift */; };
		A7847F942458089E00469187 /* AgoraExtension.swift in Sources */ = {isa = PBXBuildFile; fileRef = A7847F932458089E00469187 /* AgoraExtension.swift */; };
		A7BD7660247CC6920062A6B3 /* UITypeAlias.swift in Sources */ = {isa = PBXBuildFile; fileRef = A7BD765F247CC6920062A6B3 /* UITypeAlias.swift */; };
		A7CA48C424553CF700507435 /* Popover.storyboard in Resources */ = {isa = PBXBuildFile; fileRef = A7CA48C224553CF600507435 /* Popover.storyboard */; };
		C8F850C429D6117600B70768 /* AudioFileRecorder.swift in Sources */ = {isa = PBXBuildFile; fileRef = C8F850C329D6117600B70768 /* AudioFileRecorder.swift */; };
		E74877B728A23B8B00CA2F58 /* NetworkManager.swift in Sources */ = {isa = PBXBuildFile; fileRef = E74877B628A23B8B00CA2F58 /* NetworkManager.swift */; };
		E74877BA28A23C1400CA2F58 /* JSONObject.swift in Sources */ = {isa = PBXBuildFile; fileRef = E74877B928A23C1400CA2F58 /* JSONObject.swift */; };
		E748789E28ADE03400CA2F58 /* VideoView.swift in Sources */ = {isa = PBXBuildFile; fileRef = E748789C28ADE03400CA2F58 /* VideoView.swift */; };
		E748789F28ADE03400CA2F58 /* VideoView.xib in Resources */ = {isa = PBXBuildFile; fileRef = E748789D28ADE03400CA2F58 /* VideoView.xib */; };
/* End PBXBuildFile section */

/* Begin PBXCopyFilesBuildPhase section */
		0339BEBA25205B80007D4FDD /* Embed App Extensions */ = {
			isa = PBXCopyFilesBuildPhase;
			buildActionMask = 2147483647;
			dstPath = "";
			dstSubfolderSpec = 13;
			files = (
			);
			name = "Embed App Extensions";
			runOnlyForDeploymentPostprocessing = 0;
		};
/* End PBXCopyFilesBuildPhase section */

/* Begin PBXFileReference section */
		0339BE9C25205B7F007D4FDD /* ReplayKit.framework */ = {isa = PBXFileReference; lastKnownFileType = wrapper.framework; name = ReplayKit.framework; path = System/Library/Frameworks/ReplayKit.framework; sourceTree = SDKROOT; };
		0339BEA825205B7F007D4FDD /* UIKit.framework */ = {isa = PBXFileReference; lastKnownFileType = wrapper.framework; name = UIKit.framework; path = System/Library/Frameworks/UIKit.framework; sourceTree = SDKROOT; };
		033A9F22252D70C400BC26E1 /* zh-Hans */ = {isa = PBXFileReference; lastKnownFileType = text.plist.strings; name = "zh-Hans"; path = "zh-Hans.lproj/Main.strings"; sourceTree = "<group>"; };
		033A9F31252D860100BC26E1 /* Base */ = {isa = PBXFileReference; lastKnownFileType = file.storyboard; name = Base; path = Base.lproj/JoinChannelAudio.storyboard; sourceTree = "<group>"; };
		033A9F34252D860900BC26E1 /* zh-Hans */ = {isa = PBXFileReference; lastKnownFileType = text.plist.strings; name = "zh-Hans"; path = "zh-Hans.lproj/JoinChannelAudio.strings"; sourceTree = "<group>"; };
		0371D8AD250B4A2C00C0DD61 /* JoinChannelAudio.swift */ = {isa = PBXFileReference; fileEncoding = 4; lastKnownFileType = sourcecode.swift; path = JoinChannelAudio.swift; sourceTree = "<group>"; };
		03BCEC4F244938C500ED7177 /* BaseViewController.swift */ = {isa = PBXFileReference; lastKnownFileType = sourcecode.swift; path = BaseViewController.swift; sourceTree = "<group>"; };
		03BCEC5724494F3A00ED7177 /* Accelerate.framework */ = {isa = PBXFileReference; lastKnownFileType = wrapper.framework; name = Accelerate.framework; path = System/Library/Frameworks/Accelerate.framework; sourceTree = SDKROOT; };
		03BCEC5924494F4600ED7177 /* AudioToolbox.framework */ = {isa = PBXFileReference; lastKnownFileType = wrapper.framework; name = AudioToolbox.framework; path = System/Library/Frameworks/AudioToolbox.framework; sourceTree = SDKROOT; };
		03BCEC5B24494F4F00ED7177 /* AVFoundation.framework */ = {isa = PBXFileReference; lastKnownFileType = wrapper.framework; name = AVFoundation.framework; path = System/Library/Frameworks/AVFoundation.framework; sourceTree = SDKROOT; };
		03BCEC5D24494F5700ED7177 /* CoreMedia.framework */ = {isa = PBXFileReference; lastKnownFileType = wrapper.framework; name = CoreMedia.framework; path = System/Library/Frameworks/CoreMedia.framework; sourceTree = SDKROOT; };
		03BCEC5F24494F6000ED7177 /* CoreTelephony.framework */ = {isa = PBXFileReference; lastKnownFileType = wrapper.framework; name = CoreTelephony.framework; path = System/Library/Frameworks/CoreTelephony.framework; sourceTree = SDKROOT; };
		03BCEC6124494F6500ED7177 /* CoreML.framework */ = {isa = PBXFileReference; lastKnownFileType = wrapper.framework; name = CoreML.framework; path = System/Library/Frameworks/CoreML.framework; sourceTree = SDKROOT; };
		03BCEC6324494F6D00ED7177 /* CoreMotion.framework */ = {isa = PBXFileReference; lastKnownFileType = wrapper.framework; name = CoreMotion.framework; path = System/Library/Frameworks/CoreMotion.framework; sourceTree = SDKROOT; };
		03BCEC6524494F7400ED7177 /* VideoToolbox.framework */ = {isa = PBXFileReference; lastKnownFileType = wrapper.framework; name = VideoToolbox.framework; path = System/Library/Frameworks/VideoToolbox.framework; sourceTree = SDKROOT; };
		03BCEC6724494F7A00ED7177 /* SystemConfiguration.framework */ = {isa = PBXFileReference; lastKnownFileType = wrapper.framework; name = SystemConfiguration.framework; path = System/Library/Frameworks/SystemConfiguration.framework; sourceTree = SDKROOT; };
		03BCEC6924494F8E00ED7177 /* libc++.tbd */ = {isa = PBXFileReference; lastKnownFileType = "sourcecode.text-based-dylib-definition"; name = "libc++.tbd"; path = "usr/lib/libc++.tbd"; sourceTree = SDKROOT; };
		03BCEC6A24494F9700ED7177 /* libresolv.tbd */ = {isa = PBXFileReference; lastKnownFileType = "sourcecode.text-based-dylib-definition"; name = libresolv.tbd; path = usr/lib/libresolv.tbd; sourceTree = SDKROOT; };
		03BCEC752449EB4F00ED7177 /* LogViewController.swift */ = {isa = PBXFileReference; lastKnownFileType = sourcecode.swift; path = LogViewController.swift; sourceTree = "<group>"; };
		03D13BCC2448758900B599B3 /* VoiceChat-With-Local-Recording.app */ = {isa = PBXFileReference; explicitFileType = wrapper.application; includeInIndex = 0; path = "VoiceChat-With-Local-Recording.app"; sourceTree = BUILT_PRODUCTS_DIR; };
		03D13BCF2448758900B599B3 /* AppDelegate.swift */ = {isa = PBXFileReference; lastKnownFileType = sourcecode.swift; path = AppDelegate.swift; sourceTree = "<group>"; };
		03D13BD32448758900B599B3 /* ViewController.swift */ = {isa = PBXFileReference; lastKnownFileType = sourcecode.swift; path = ViewController.swift; sourceTree = "<group>"; };
		03D13BD62448758900B599B3 /* Base */ = {isa = PBXFileReference; lastKnownFileType = file.storyboard; name = Base; path = Base.lproj/Main.storyboard; sourceTree = "<group>"; };
		03D13BD82448758B00B599B3 /* Assets.xcassets */ = {isa = PBXFileReference; lastKnownFileType = folder.assetcatalog; path = Assets.xcassets; sourceTree = "<group>"; };
		03D13BDB2448758B00B599B3 /* Base */ = {isa = PBXFileReference; lastKnownFileType = file.storyboard; name = Base; path = Base.lproj/LaunchScreen.storyboard; sourceTree = "<group>"; };
		03D13BDD2448758B00B599B3 /* Info.plist */ = {isa = PBXFileReference; lastKnownFileType = text.plist.xml; path = Info.plist; sourceTree = "<group>"; };
		03D13C0024488F1E00B599B3 /* KeyCenter.swift */ = {isa = PBXFileReference; fileEncoding = 4; lastKnownFileType = sourcecode.swift; path = KeyCenter.swift; sourceTree = "<group>"; };
		03DF1D7324CFBBBA00DF7151 /* APIExample-Bridging-Header.h */ = {isa = PBXFileReference; lastKnownFileType = sourcecode.c.h; path = "APIExample-Bridging-Header.h"; sourceTree = "<group>"; };
		03F8733124C8696600EDB1A3 /* EntryViewController.swift */ = {isa = PBXFileReference; lastKnownFileType = sourcecode.swift; path = EntryViewController.swift; sourceTree = "<group>"; };
		04225D244BD950D6A60AA5E3 /* Pods-audioFilter.debug.xcconfig */ = {isa = PBXFileReference; includeInIndex = 1; lastKnownFileType = text.xcconfig; name = "Pods-audioFilter.debug.xcconfig"; path = "Target Support Files/Pods-audioFilter/Pods-audioFilter.debug.xcconfig"; sourceTree = "<group>"; };
		09E72C5D1AABD812866E41A6 /* Pods_Agora_ScreenShare_Extension.framework */ = {isa = PBXFileReference; explicitFileType = wrapper.framework; includeInIndex = 0; path = Pods_Agora_ScreenShare_Extension.framework; sourceTree = BUILT_PRODUCTS_DIR; };
		23B93D5F4D8304FBAAE2A23E /* Pods-SimpleFilter.debug.xcconfig */ = {isa = PBXFileReference; includeInIndex = 1; lastKnownFileType = text.xcconfig; name = "Pods-SimpleFilter.debug.xcconfig"; path = "Target Support Files/Pods-SimpleFilter/Pods-SimpleFilter.debug.xcconfig"; sourceTree = "<group>"; };
		3EA7D4B4D7C9540659392B7F /* Pods-APIExample.debug.xcconfig */ = {isa = PBXFileReference; includeInIndex = 1; lastKnownFileType = text.xcconfig; name = "Pods-APIExample.debug.xcconfig"; path = "Target Support Files/Pods-APIExample/Pods-APIExample.debug.xcconfig"; sourceTree = "<group>"; };
		414CEB70BB4BD00294B14DA1 /* Pods_VoiceChat_With_Local_Recording.framework */ = {isa = PBXFileReference; explicitFileType = wrapper.framework; includeInIndex = 0; path = Pods_VoiceChat_With_Local_Recording.framework; sourceTree = BUILT_PRODUCTS_DIR; };
		4B422A0CD53DE0FBBEBCB2CA /* Pods-SimpleFilter.release.xcconfig */ = {isa = PBXFileReference; includeInIndex = 1; lastKnownFileType = text.xcconfig; name = "Pods-SimpleFilter.release.xcconfig"; path = "Target Support Files/Pods-SimpleFilter/Pods-SimpleFilter.release.xcconfig"; sourceTree = "<group>"; };
		546917B676EAB6D62D900BC5 /* Pods-APIExample-Audio.release.xcconfig */ = {isa = PBXFileReference; includeInIndex = 1; lastKnownFileType = text.xcconfig; name = "Pods-APIExample-Audio.release.xcconfig"; path = "Target Support Files/Pods-APIExample-Audio/Pods-APIExample-Audio.release.xcconfig"; sourceTree = "<group>"; };
		57FE7C4D26B2D1A4002D9043 /* NetworkExtension.framework */ = {isa = PBXFileReference; lastKnownFileType = wrapper.framework; name = NetworkExtension.framework; path = System/Library/Frameworks/NetworkExtension.framework; sourceTree = SDKROOT; };
		5A45F3A50A20714335E46364 /* Pods_Agora_ScreenShare_Extension_Socket_.framework */ = {isa = PBXFileReference; explicitFileType = wrapper.framework; includeInIndex = 0; path = Pods_Agora_ScreenShare_Extension_Socket_.framework; sourceTree = BUILT_PRODUCTS_DIR; };
		5B3A20457BD332886F0CC52F /* Pods-SimpleAudioFilter.debug.xcconfig */ = {isa = PBXFileReference; includeInIndex = 1; lastKnownFileType = text.xcconfig; name = "Pods-SimpleAudioFilter.debug.xcconfig"; path = "Target Support Files/Pods-SimpleAudioFilter/Pods-SimpleAudioFilter.debug.xcconfig"; sourceTree = "<group>"; };
		6F2725A37161C72C3445F0D7 /* Pods-Agora-ScreenShare-Extension(Socket).debug.xcconfig */ = {isa = PBXFileReference; includeInIndex = 1; lastKnownFileType = text.xcconfig; name = "Pods-Agora-ScreenShare-Extension(Socket).debug.xcconfig"; path = "Target Support Files/Pods-Agora-ScreenShare-Extension(Socket)/Pods-Agora-ScreenShare-Extension(Socket).debug.xcconfig"; sourceTree = "<group>"; };
		846AE4340F81DCC00B6F9543 /* Pods-APIExample.release.xcconfig */ = {isa = PBXFileReference; includeInIndex = 1; lastKnownFileType = text.xcconfig; name = "Pods-APIExample.release.xcconfig"; path = "Target Support Files/Pods-APIExample/Pods-APIExample.release.xcconfig"; sourceTree = "<group>"; };
		8B349FE22681E2CE007247F2 /* agora-logo.png */ = {isa = PBXFileReference; lastKnownFileType = image.png; path = "agora-logo.png"; sourceTree = "<group>"; };
		8BAEA7B426C253FC0006B0F1 /* APIExample.entitlements */ = {isa = PBXFileReference; lastKnownFileType = text.plist.entitlements; path = APIExample.entitlements; sourceTree = "<group>"; };
		8E9F44D662E8BB61CFB7E4EC /* Pods-APIExample-Audio.debug.xcconfig */ = {isa = PBXFileReference; includeInIndex = 1; lastKnownFileType = text.xcconfig; name = "Pods-APIExample-Audio.debug.xcconfig"; path = "Target Support Files/Pods-APIExample-Audio/Pods-APIExample-Audio.debug.xcconfig"; sourceTree = "<group>"; };
		92577CFC05C5519F5AF5591C /* Pods-audioFilter.release.xcconfig */ = {isa = PBXFileReference; includeInIndex = 1; lastKnownFileType = text.xcconfig; name = "Pods-audioFilter.release.xcconfig"; path = "Target Support Files/Pods-audioFilter/Pods-audioFilter.release.xcconfig"; sourceTree = "<group>"; };
		92EACE913B50B28F1588FE03 /* Pods-Agora-ScreenShare-Extension.release.xcconfig */ = {isa = PBXFileReference; includeInIndex = 1; lastKnownFileType = text.xcconfig; name = "Pods-Agora-ScreenShare-Extension.release.xcconfig"; path = "Target Support Files/Pods-Agora-ScreenShare-Extension/Pods-Agora-ScreenShare-Extension.release.xcconfig"; sourceTree = "<group>"; };
		A7847F912458062900469187 /* StatisticsInfo.swift */ = {isa = PBXFileReference; fileEncoding = 4; lastKnownFileType = sourcecode.swift; path = StatisticsInfo.swift; sourceTree = "<group>"; };
		A7847F932458089E00469187 /* AgoraExtension.swift */ = {isa = PBXFileReference; fileEncoding = 4; lastKnownFileType = sourcecode.swift; path = AgoraExtension.swift; sourceTree = "<group>"; };
		A7BD765F247CC6920062A6B3 /* UITypeAlias.swift */ = {isa = PBXFileReference; lastKnownFileType = sourcecode.swift; path = UITypeAlias.swift; sourceTree = "<group>"; };
		A7CA48C324553CF600507435 /* Base */ = {isa = PBXFileReference; lastKnownFileType = file.storyboard; name = Base; path = Base.lproj/Popover.storyboard; sourceTree = "<group>"; };
		BAA51FBBA962284FF83DC2E3 /* Pods-VoiceChat-With-Local-Recording.release.xcconfig */ = {isa = PBXFileReference; includeInIndex = 1; lastKnownFileType = text.xcconfig; name = "Pods-VoiceChat-With-Local-Recording.release.xcconfig"; path = "Target Support Files/Pods-VoiceChat-With-Local-Recording/Pods-VoiceChat-With-Local-Recording.release.xcconfig"; sourceTree = "<group>"; };
		BC25C1A6D9E6B8827D095985 /* Pods_SimpleFilter.framework */ = {isa = PBXFileReference; explicitFileType = wrapper.framework; includeInIndex = 0; path = Pods_SimpleFilter.framework; sourceTree = BUILT_PRODUCTS_DIR; };
		C8F850C329D6117600B70768 /* AudioFileRecorder.swift */ = {isa = PBXFileReference; fileEncoding = 4; lastKnownFileType = sourcecode.swift; path = AudioFileRecorder.swift; sourceTree = "<group>"; };
		CC6D08A23527C200339E4FD6 /* Pods-SimpleAudioFilter.release.xcconfig */ = {isa = PBXFileReference; includeInIndex = 1; lastKnownFileType = text.xcconfig; name = "Pods-SimpleAudioFilter.release.xcconfig"; path = "Target Support Files/Pods-SimpleAudioFilter/Pods-SimpleAudioFilter.release.xcconfig"; sourceTree = "<group>"; };
		DC6429C4C30CF58628DE6A7A /* Pods-VoiceChat-With-Local-Recording.debug.xcconfig */ = {isa = PBXFileReference; includeInIndex = 1; lastKnownFileType = text.xcconfig; name = "Pods-VoiceChat-With-Local-Recording.debug.xcconfig"; path = "Target Support Files/Pods-VoiceChat-With-Local-Recording/Pods-VoiceChat-With-Local-Recording.debug.xcconfig"; sourceTree = "<group>"; };
		E74877B628A23B8B00CA2F58 /* NetworkManager.swift */ = {isa = PBXFileReference; fileEncoding = 4; lastKnownFileType = sourcecode.swift; path = NetworkManager.swift; sourceTree = "<group>"; };
		E74877B928A23C1400CA2F58 /* JSONObject.swift */ = {isa = PBXFileReference; fileEncoding = 4; lastKnownFileType = sourcecode.swift; path = JSONObject.swift; sourceTree = "<group>"; };
		E748789C28ADE03400CA2F58 /* VideoView.swift */ = {isa = PBXFileReference; fileEncoding = 4; lastKnownFileType = sourcecode.swift; path = VideoView.swift; sourceTree = "<group>"; };
		E748789D28ADE03400CA2F58 /* VideoView.xib */ = {isa = PBXFileReference; fileEncoding = 4; lastKnownFileType = file.xib; path = VideoView.xib; sourceTree = "<group>"; };
		EAD308B056B63304DA681699 /* Pods-Agora-ScreenShare-Extension(Socket).release.xcconfig */ = {isa = PBXFileReference; includeInIndex = 1; lastKnownFileType = text.xcconfig; name = "Pods-Agora-ScreenShare-Extension(Socket).release.xcconfig"; path = "Target Support Files/Pods-Agora-ScreenShare-Extension(Socket)/Pods-Agora-ScreenShare-Extension(Socket).release.xcconfig"; sourceTree = "<group>"; };
		EB8CDD3F04870C6A31287732 /* Pods_audioFilter.framework */ = {isa = PBXFileReference; explicitFileType = wrapper.framework; includeInIndex = 0; path = Pods_audioFilter.framework; sourceTree = BUILT_PRODUCTS_DIR; };
		FAAC2AEE355D103B9E8527B5 /* Pods-Agora-ScreenShare-Extension.debug.xcconfig */ = {isa = PBXFileReference; includeInIndex = 1; lastKnownFileType = text.xcconfig; name = "Pods-Agora-ScreenShare-Extension.debug.xcconfig"; path = "Target Support Files/Pods-Agora-ScreenShare-Extension/Pods-Agora-ScreenShare-Extension.debug.xcconfig"; sourceTree = "<group>"; };
/* End PBXFileReference section */

/* Begin PBXFrameworksBuildPhase section */
		03D13BC92448758900B599B3 /* Frameworks */ = {
			isa = PBXFrameworksBuildPhase;
			buildActionMask = 2147483647;
			files = (
				2955B7420E64AB6C858824F7 /* Pods_VoiceChat_With_Local_Recording.framework in Frameworks */,
			);
			runOnlyForDeploymentPostprocessing = 0;
		};
/* End PBXFrameworksBuildPhase section */

/* Begin PBXGroup section */
		03BCEC5624494F3900ED7177 /* Frameworks */ = {
			isa = PBXGroup;
			children = (
				57FE7C4D26B2D1A4002D9043 /* NetworkExtension.framework */,
				03BCEC6A24494F9700ED7177 /* libresolv.tbd */,
				03BCEC6924494F8E00ED7177 /* libc++.tbd */,
				03BCEC6724494F7A00ED7177 /* SystemConfiguration.framework */,
				03BCEC6524494F7400ED7177 /* VideoToolbox.framework */,
				03BCEC6324494F6D00ED7177 /* CoreMotion.framework */,
				03BCEC6124494F6500ED7177 /* CoreML.framework */,
				03BCEC5F24494F6000ED7177 /* CoreTelephony.framework */,
				03BCEC5D24494F5700ED7177 /* CoreMedia.framework */,
				03BCEC5B24494F4F00ED7177 /* AVFoundation.framework */,
				03BCEC5924494F4600ED7177 /* AudioToolbox.framework */,
				03BCEC5724494F3A00ED7177 /* Accelerate.framework */,
				0339BE9C25205B7F007D4FDD /* ReplayKit.framework */,
				0339BEA825205B7F007D4FDD /* UIKit.framework */,
				09E72C5D1AABD812866E41A6 /* Pods_Agora_ScreenShare_Extension.framework */,
				EB8CDD3F04870C6A31287732 /* Pods_audioFilter.framework */,
				5A45F3A50A20714335E46364 /* Pods_Agora_ScreenShare_Extension_Socket_.framework */,
				BC25C1A6D9E6B8827D095985 /* Pods_SimpleFilter.framework */,
				414CEB70BB4BD00294B14DA1 /* Pods_VoiceChat_With_Local_Recording.framework */,
			);
			name = Frameworks;
			sourceTree = "<group>";
		};
		03BEED09251C4446005E78F4 /* Resources */ = {
			isa = PBXGroup;
			children = (
				8B349FE22681E2CE007247F2 /* agora-logo.png */,
			);
			path = Resources;
			sourceTree = "<group>";
		};
		03D13BC32448758900B599B3 = {
			isa = PBXGroup;
			children = (
				03D13BCE2448758900B599B3 /* Source */,
				03D13BCD2448758900B599B3 /* Products */,
				03BCEC5624494F3900ED7177 /* Frameworks */,
				FD17F473C6A05604A44BDDDE /* Pods */,
			);
			sourceTree = "<group>";
		};
		03D13BCD2448758900B599B3 /* Products */ = {
			isa = PBXGroup;
			children = (
				03D13BCC2448758900B599B3 /* VoiceChat-With-Local-Recording.app */,
			);
			name = Products;
			sourceTree = "<group>";
		};
		03D13BCE2448758900B599B3 /* Source */ = {
			isa = PBXGroup;
			children = (
				C8F850C329D6117600B70768 /* AudioFileRecorder.swift */,
				8BAEA7B426C253FC0006B0F1 /* APIExample.entitlements */,
				03D13BD52448758900B599B3 /* Main.storyboard */,
				A7CA48C224553CF600507435 /* Popover.storyboard */,
				03D13BD32448758900B599B3 /* ViewController.swift */,
				03DF1D7324CFBBBA00DF7151 /* APIExample-Bridging-Header.h */,
				0371D8AD250B4A2C00C0DD61 /* JoinChannelAudio.swift */,
				033A9F32252D860100BC26E1 /* JoinChannelAudio.storyboard */,
				03D13BFF24488F1E00B599B3 /* Common */,
				03BEED09251C4446005E78F4 /* Resources */,
				A7CA48BF2455315A00507435 /* Supporting Files */,
			);
			path = Source;
			sourceTree = "<group>";
		};
		03D13BFF24488F1E00B599B3 /* Common */ = {
			isa = PBXGroup;
			children = (
				E74877B528A23B8B00CA2F58 /* NetworkManager */,
				03D13C0024488F1E00B599B3 /* KeyCenter.swift */,
				A7847F932458089E00469187 /* AgoraExtension.swift */,
				E748789C28ADE03400CA2F58 /* VideoView.swift */,
				E748789D28ADE03400CA2F58 /* VideoView.xib */,
				A7847F912458062900469187 /* StatisticsInfo.swift */,
				03BCEC4F244938C500ED7177 /* BaseViewController.swift */,
				03BCEC752449EB4F00ED7177 /* LogViewController.swift */,
				A7BD765F247CC6920062A6B3 /* UITypeAlias.swift */,
				03F8733124C8696600EDB1A3 /* EntryViewController.swift */,
			);
			path = Common;
			sourceTree = "<group>";
		};
		A7CA48BF2455315A00507435 /* Supporting Files */ = {
			isa = PBXGroup;
			children = (
				03D13BDD2448758B00B599B3 /* Info.plist */,
				03D13BCF2448758900B599B3 /* AppDelegate.swift */,
				03D13BD82448758B00B599B3 /* Assets.xcassets */,
				03D13BDA2448758B00B599B3 /* LaunchScreen.storyboard */,
			);
			name = "Supporting Files";
			sourceTree = "<group>";
		};
		E74877B528A23B8B00CA2F58 /* NetworkManager */ = {
			isa = PBXGroup;
			children = (
				E74877B928A23C1400CA2F58 /* JSONObject.swift */,
				E74877B628A23B8B00CA2F58 /* NetworkManager.swift */,
			);
			path = NetworkManager;
			sourceTree = "<group>";
		};
		FD17F473C6A05604A44BDDDE /* Pods */ = {
			isa = PBXGroup;
			children = (
				3EA7D4B4D7C9540659392B7F /* Pods-APIExample.debug.xcconfig */,
				846AE4340F81DCC00B6F9543 /* Pods-APIExample.release.xcconfig */,
				FAAC2AEE355D103B9E8527B5 /* Pods-Agora-ScreenShare-Extension.debug.xcconfig */,
				92EACE913B50B28F1588FE03 /* Pods-Agora-ScreenShare-Extension.release.xcconfig */,
				04225D244BD950D6A60AA5E3 /* Pods-audioFilter.debug.xcconfig */,
				92577CFC05C5519F5AF5591C /* Pods-audioFilter.release.xcconfig */,
				5B3A20457BD332886F0CC52F /* Pods-SimpleAudioFilter.debug.xcconfig */,
				CC6D08A23527C200339E4FD6 /* Pods-SimpleAudioFilter.release.xcconfig */,
				6F2725A37161C72C3445F0D7 /* Pods-Agora-ScreenShare-Extension(Socket).debug.xcconfig */,
				EAD308B056B63304DA681699 /* Pods-Agora-ScreenShare-Extension(Socket).release.xcconfig */,
				23B93D5F4D8304FBAAE2A23E /* Pods-SimpleFilter.debug.xcconfig */,
				4B422A0CD53DE0FBBEBCB2CA /* Pods-SimpleFilter.release.xcconfig */,
				8E9F44D662E8BB61CFB7E4EC /* Pods-APIExample-Audio.debug.xcconfig */,
				546917B676EAB6D62D900BC5 /* Pods-APIExample-Audio.release.xcconfig */,
				DC6429C4C30CF58628DE6A7A /* Pods-VoiceChat-With-Local-Recording.debug.xcconfig */,
				BAA51FBBA962284FF83DC2E3 /* Pods-VoiceChat-With-Local-Recording.release.xcconfig */,
			);
			path = Pods;
			sourceTree = "<group>";
		};
/* End PBXGroup section */

/* Begin PBXNativeTarget section */
		03D13BCB2448758900B599B3 /* VoiceChat-With-Local-Recording */ = {
			isa = PBXNativeTarget;
			buildConfigurationList = 03D13BF62448758C00B599B3 /* Build configuration list for PBXNativeTarget "VoiceChat-With-Local-Recording" */;
			buildPhases = (
				1FB0065EAD03F6DC0B23BF67 /* [CP] Check Pods Manifest.lock */,
				03D13BC82448758900B599B3 /* Sources */,
				03D13BC92448758900B599B3 /* Frameworks */,
				03D13BCA2448758900B599B3 /* Resources */,
				1B6F6CF9B678035E221EAFDE /* [CP] Embed Pods Frameworks */,
				0339BEBA25205B80007D4FDD /* Embed App Extensions */,
			);
			buildRules = (
			);
			dependencies = (
			);
			name = "VoiceChat-With-Local-Recording";
			productName = APIExample;
			productReference = 03D13BCC2448758900B599B3 /* VoiceChat-With-Local-Recording.app */;
			productType = "com.apple.product-type.application";
		};
/* End PBXNativeTarget section */

/* Begin PBXProject section */
		03D13BC42448758900B599B3 /* Project object */ = {
			isa = PBXProject;
			attributes = {
				LastSwiftUpdateCheck = 1160;
				LastUpgradeCheck = 1130;
				ORGANIZATIONNAME = "Agora Corp";
				TargetAttributes = {
					03D13BCB2448758900B599B3 = {
						CreatedOnToolsVersion = 11.3.1;
						LastSwiftMigration = 1150;
					};
				};
			};
			buildConfigurationList = 03D13BC72448758900B599B3 /* Build configuration list for PBXProject "VoiceChat-With-Local-Recording" */;
			compatibilityVersion = "Xcode 9.3";
			developmentRegion = en;
			hasScannedForEncodings = 0;
			knownRegions = (
				en,
				Base,
				"zh-Hans",
			);
			mainGroup = 03D13BC32448758900B599B3;
			productRefGroup = 03D13BCD2448758900B599B3 /* Products */;
			projectDirPath = "";
			projectRoot = "";
			targets = (
				03D13BCB2448758900B599B3 /* VoiceChat-With-Local-Recording */,
			);
		};
/* End PBXProject section */

/* Begin PBXResourcesBuildPhase section */
		03D13BCA2448758900B599B3 /* Resources */ = {
			isa = PBXResourcesBuildPhase;
			buildActionMask = 2147483647;
			files = (
				A7CA48C424553CF700507435 /* Popover.storyboard in Resources */,
				03D13BDC2448758B00B599B3 /* LaunchScreen.storyboard in Resources */,
				8B349FE32681E2CE007247F2 /* agora-logo.png in Resources */,
				033A9F30252D860100BC26E1 /* JoinChannelAudio.storyboard in Resources */,
				03D13BD92448758B00B599B3 /* Assets.xcassets in Resources */,
				E748789F28ADE03400CA2F58 /* VideoView.xib in Resources */,
				03D13BD72448758900B599B3 /* Main.storyboard in Resources */,
			);
			runOnlyForDeploymentPostprocessing = 0;
		};
/* End PBXResourcesBuildPhase section */

/* Begin PBXShellScriptBuildPhase section */
		1B6F6CF9B678035E221EAFDE /* [CP] Embed Pods Frameworks */ = {
			isa = PBXShellScriptBuildPhase;
			buildActionMask = 2147483647;
			files = (
			);
			inputFileListPaths = (
				"${PODS_ROOT}/Target Support Files/Pods-VoiceChat-With-Local-Recording/Pods-VoiceChat-With-Local-Recording-frameworks-${CONFIGURATION}-input-files.xcfilelist",
			);
			name = "[CP] Embed Pods Frameworks";
			outputFileListPaths = (
				"${PODS_ROOT}/Target Support Files/Pods-VoiceChat-With-Local-Recording/Pods-VoiceChat-With-Local-Recording-frameworks-${CONFIGURATION}-output-files.xcfilelist",
			);
			runOnlyForDeploymentPostprocessing = 0;
			shellPath = /bin/sh;
			shellScript = "\"${PODS_ROOT}/Target Support Files/Pods-VoiceChat-With-Local-Recording/Pods-VoiceChat-With-Local-Recording-frameworks.sh\"\n";
			showEnvVarsInLog = 0;
		};
		1FB0065EAD03F6DC0B23BF67 /* [CP] Check Pods Manifest.lock */ = {
			isa = PBXShellScriptBuildPhase;
			buildActionMask = 2147483647;
			files = (
			);
			inputFileListPaths = (
			);
			inputPaths = (
				"${PODS_PODFILE_DIR_PATH}/Podfile.lock",
				"${PODS_ROOT}/Manifest.lock",
			);
			name = "[CP] Check Pods Manifest.lock";
			outputFileListPaths = (
			);
			outputPaths = (
				"$(DERIVED_FILE_DIR)/Pods-VoiceChat-With-Local-Recording-checkManifestLockResult.txt",
			);
			runOnlyForDeploymentPostprocessing = 0;
			shellPath = /bin/sh;
			shellScript = "diff \"${PODS_PODFILE_DIR_PATH}/Podfile.lock\" \"${PODS_ROOT}/Manifest.lock\" > /dev/null\nif [ $? != 0 ] ; then\n    # print error to STDERR\n    echo \"error: The sandbox is not in sync with the Podfile.lock. Run 'pod install' or update your CocoaPods installation.\" >&2\n    exit 1\nfi\n# This output is used by Xcode 'outputs' to avoid re-running this script phase.\necho \"SUCCESS\" > \"${SCRIPT_OUTPUT_FILE_0}\"\n";
			showEnvVarsInLog = 0;
		};
/* End PBXShellScriptBuildPhase section */

/* Begin PBXSourcesBuildPhase section */
		03D13BC82448758900B599B3 /* Sources */ = {
			isa = PBXSourcesBuildPhase;
			buildActionMask = 2147483647;
			files = (
				E748789E28ADE03400CA2F58 /* VideoView.swift in Sources */,
				03D13BD42448758900B599B3 /* ViewController.swift in Sources */,
				03F8733224C8696600EDB1A3 /* EntryViewController.swift in Sources */,
				0371D8AE250B4A2C00C0DD61 /* JoinChannelAudio.swift in Sources */,
				576EA59025AEDD3C000B3D79 /* (null) in Sources */,
				8407E0942472320800AC5DE8 /* (null) in Sources */,
				A7BD7660247CC6920062A6B3 /* UITypeAlias.swift in Sources */,
				03D13C0124488F1F00B599B3 /* KeyCenter.swift in Sources */,
				E74877B728A23B8B00CA2F58 /* NetworkManager.swift in Sources */,
				03D13BD02448758900B599B3 /* AppDelegate.swift in Sources */,
				C8F850C429D6117600B70768 /* AudioFileRecorder.swift in Sources */,
				A7847F922458062900469187 /* StatisticsInfo.swift in Sources */,
				03BCEC762449EB5000ED7177 /* LogViewController.swift in Sources */,
				A7847F942458089E00469187 /* AgoraExtension.swift in Sources */,
				E74877BA28A23C1400CA2F58 /* JSONObject.swift in Sources */,
				03BCEC50244938C500ED7177 /* BaseViewController.swift in Sources */,
			);
			runOnlyForDeploymentPostprocessing = 0;
		};
/* End PBXSourcesBuildPhase section */

/* Begin PBXVariantGroup section */
		033A9F32252D860100BC26E1 /* JoinChannelAudio.storyboard */ = {
			isa = PBXVariantGroup;
			children = (
				033A9F31252D860100BC26E1 /* Base */,
				033A9F34252D860900BC26E1 /* zh-Hans */,
			);
			name = JoinChannelAudio.storyboard;
			sourceTree = "<group>";
		};
		03D13BD52448758900B599B3 /* Main.storyboard */ = {
			isa = PBXVariantGroup;
			children = (
				03D13BD62448758900B599B3 /* Base */,
				033A9F22252D70C400BC26E1 /* zh-Hans */,
			);
			name = Main.storyboard;
			sourceTree = "<group>";
		};
		03D13BDA2448758B00B599B3 /* LaunchScreen.storyboard */ = {
			isa = PBXVariantGroup;
			children = (
				03D13BDB2448758B00B599B3 /* Base */,
			);
			name = LaunchScreen.storyboard;
			sourceTree = "<group>";
		};
		A7CA48C224553CF600507435 /* Popover.storyboard */ = {
			isa = PBXVariantGroup;
			children = (
				A7CA48C324553CF600507435 /* Base */,
			);
			name = Popover.storyboard;
			sourceTree = "<group>";
		};
/* End PBXVariantGroup section */

/* Begin XCBuildConfiguration section */
		03D13BF42448758C00B599B3 /* Debug */ = {
			isa = XCBuildConfiguration;
			buildSettings = {
				ALWAYS_SEARCH_USER_PATHS = NO;
				CLANG_ANALYZER_LOCALIZABILITY_NONLOCALIZED = YES;
				CLANG_ANALYZER_NONNULL = YES;
				CLANG_ANALYZER_NUMBER_OBJECT_CONVERSION = YES_AGGRESSIVE;
				CLANG_CXX_LANGUAGE_STANDARD = "gnu++14";
				CLANG_CXX_LIBRARY = "libc++";
				CLANG_ENABLE_MODULES = YES;
				CLANG_ENABLE_OBJC_ARC = YES;
				CLANG_ENABLE_OBJC_WEAK = YES;
				CLANG_WARN_BLOCK_CAPTURE_AUTORELEASING = YES;
				CLANG_WARN_BOOL_CONVERSION = YES;
				CLANG_WARN_COMMA = YES;
				CLANG_WARN_CONSTANT_CONVERSION = YES;
				CLANG_WARN_DEPRECATED_OBJC_IMPLEMENTATIONS = YES;
				CLANG_WARN_DIRECT_OBJC_ISA_USAGE = YES_ERROR;
				CLANG_WARN_DOCUMENTATION_COMMENTS = YES;
				CLANG_WARN_EMPTY_BODY = YES;
				CLANG_WARN_ENUM_CONVERSION = YES;
				CLANG_WARN_INFINITE_RECURSION = YES;
				CLANG_WARN_INT_CONVERSION = YES;
				CLANG_WARN_NON_LITERAL_NULL_CONVERSION = YES;
				CLANG_WARN_OBJC_IMPLICIT_RETAIN_SELF = YES;
				CLANG_WARN_OBJC_LITERAL_CONVERSION = YES;
				CLANG_WARN_OBJC_ROOT_CLASS = YES_ERROR;
				CLANG_WARN_RANGE_LOOP_ANALYSIS = YES;
				CLANG_WARN_STRICT_PROTOTYPES = YES;
				CLANG_WARN_SUSPICIOUS_MOVE = YES;
				CLANG_WARN_UNGUARDED_AVAILABILITY = YES_AGGRESSIVE;
				CLANG_WARN_UNREACHABLE_CODE = YES;
				CLANG_WARN__DUPLICATE_METHOD_MATCH = YES;
				COPY_PHASE_STRIP = NO;
				DEBUG_INFORMATION_FORMAT = dwarf;
				ENABLE_STRICT_OBJC_MSGSEND = YES;
				ENABLE_TESTABILITY = YES;
				GCC_C_LANGUAGE_STANDARD = gnu11;
				GCC_DYNAMIC_NO_PIC = NO;
				GCC_NO_COMMON_BLOCKS = YES;
				GCC_OPTIMIZATION_LEVEL = 0;
				GCC_PREPROCESSOR_DEFINITIONS = (
					"DEBUG=1",
					"$(inherited)",
				);
				GCC_WARN_64_TO_32_BIT_CONVERSION = YES;
				GCC_WARN_ABOUT_RETURN_TYPE = YES_ERROR;
				GCC_WARN_UNDECLARED_SELECTOR = YES;
				GCC_WARN_UNINITIALIZED_AUTOS = YES_AGGRESSIVE;
				GCC_WARN_UNUSED_FUNCTION = YES;
				GCC_WARN_UNUSED_VARIABLE = YES;
				IPHONEOS_DEPLOYMENT_TARGET = 15.0;
				MTL_ENABLE_DEBUG_INFO = INCLUDE_SOURCE;
				MTL_FAST_MATH = YES;
				ONLY_ACTIVE_ARCH = YES;
				SDKROOT = iphoneos;
				SWIFT_ACTIVE_COMPILATION_CONDITIONS = DEBUG;
				SWIFT_OPTIMIZATION_LEVEL = "-Onone";
			};
			name = Debug;
		};
		03D13BF52448758C00B599B3 /* Release */ = {
			isa = XCBuildConfiguration;
			buildSettings = {
				ALWAYS_SEARCH_USER_PATHS = NO;
				CLANG_ANALYZER_LOCALIZABILITY_NONLOCALIZED = YES;
				CLANG_ANALYZER_NONNULL = YES;
				CLANG_ANALYZER_NUMBER_OBJECT_CONVERSION = YES_AGGRESSIVE;
				CLANG_CXX_LANGUAGE_STANDARD = "gnu++14";
				CLANG_CXX_LIBRARY = "libc++";
				CLANG_ENABLE_MODULES = YES;
				CLANG_ENABLE_OBJC_ARC = YES;
				CLANG_ENABLE_OBJC_WEAK = YES;
				CLANG_WARN_BLOCK_CAPTURE_AUTORELEASING = YES;
				CLANG_WARN_BOOL_CONVERSION = YES;
				CLANG_WARN_COMMA = YES;
				CLANG_WARN_CONSTANT_CONVERSION = YES;
				CLANG_WARN_DEPRECATED_OBJC_IMPLEMENTATIONS = YES;
				CLANG_WARN_DIRECT_OBJC_ISA_USAGE = YES_ERROR;
				CLANG_WARN_DOCUMENTATION_COMMENTS = YES;
				CLANG_WARN_EMPTY_BODY = YES;
				CLANG_WARN_ENUM_CONVERSION = YES;
				CLANG_WARN_INFINITE_RECURSION = YES;
				CLANG_WARN_INT_CONVERSION = YES;
				CLANG_WARN_NON_LITERAL_NULL_CONVERSION = YES;
				CLANG_WARN_OBJC_IMPLICIT_RETAIN_SELF = YES;
				CLANG_WARN_OBJC_LITERAL_CONVERSION = YES;
				CLANG_WARN_OBJC_ROOT_CLASS = YES_ERROR;
				CLANG_WARN_RANGE_LOOP_ANALYSIS = YES;
				CLANG_WARN_STRICT_PROTOTYPES = YES;
				CLANG_WARN_SUSPICIOUS_MOVE = YES;
				CLANG_WARN_UNGUARDED_AVAILABILITY = YES_AGGRESSIVE;
				CLANG_WARN_UNREACHABLE_CODE = YES;
				CLANG_WARN__DUPLICATE_METHOD_MATCH = YES;
				COPY_PHASE_STRIP = NO;
				DEBUG_INFORMATION_FORMAT = "dwarf-with-dsym";
				ENABLE_NS_ASSERTIONS = NO;
				ENABLE_STRICT_OBJC_MSGSEND = YES;
				GCC_C_LANGUAGE_STANDARD = gnu11;
				GCC_NO_COMMON_BLOCKS = YES;
				GCC_WARN_64_TO_32_BIT_CONVERSION = YES;
				GCC_WARN_ABOUT_RETURN_TYPE = YES_ERROR;
				GCC_WARN_UNDECLARED_SELECTOR = YES;
				GCC_WARN_UNINITIALIZED_AUTOS = YES_AGGRESSIVE;
				GCC_WARN_UNUSED_FUNCTION = YES;
				GCC_WARN_UNUSED_VARIABLE = YES;
				IPHONEOS_DEPLOYMENT_TARGET = 15.0;
				MTL_ENABLE_DEBUG_INFO = NO;
				MTL_FAST_MATH = YES;
				SDKROOT = iphoneos;
				SWIFT_COMPILATION_MODE = wholemodule;
				SWIFT_OPTIMIZATION_LEVEL = "-O";
				VALIDATE_PRODUCT = YES;
			};
			name = Release;
		};
		03D13BF72448758C00B599B3 /* Debug */ = {
			isa = XCBuildConfiguration;
			baseConfigurationReference = DC6429C4C30CF58628DE6A7A /* Pods-VoiceChat-With-Local-Recording.debug.xcconfig */;
			buildSettings = {
				ALWAYS_EMBED_SWIFT_STANDARD_LIBRARIES = YES;
				APPLICATION_EXTENSION_API_ONLY = NO;
				ASSETCATALOG_COMPILER_APPICON_NAME = AppIcon;
				CLANG_ENABLE_MODULES = YES;
				CODE_SIGN_ENTITLEMENTS = "";
				CODE_SIGN_IDENTITY = "Apple Development";
				CODE_SIGN_STYLE = Automatic;
				CURRENT_PROJECT_VERSION = 2;
				DEBUG_INFORMATION_FORMAT = "dwarf-with-dsym";
				DEVELOPMENT_TEAM = YA2UGUMBAM;
				ENABLE_BITCODE = NO;
				FRAMEWORK_SEARCH_PATHS = (
					"$(inherited)",
					"$(PROJECT_DIR)/APIExample",
				);
				INFOPLIST_FILE = Source/Info.plist;
				IPHONEOS_DEPLOYMENT_TARGET = 15.0;
				LD_RUNPATH_SEARCH_PATHS = (
					"$(inherited)",
					"@executable_path/Frameworks",
				);
				MARKETING_VERSION = 4.0.0;
				OTHER_LDFLAGS = (
					"$(inherited)",
					"-ObjC",
					"-l\"stdc++\"",
					"-framework",
					"\"AGEVideoLayout\"",
					"-framework",
					"\"AVFoundation\"",
					"-framework",
					"\"Accelerate\"",
					"-framework",
					"\"AgoraRtcKit\"",
					"-framework",
					"\"AssetsLibrary\"",
					"-framework",
					"\"CFNetwork\"",
					"-framework",
					"\"CoreGraphics\"",
					"-framework",
					"\"CoreImage\"",
					"-framework",
					"\"CoreMedia\"",
					"-framework",
					"\"CoreVideo\"",
					"-framework",
					"\"Foundation\"",
					"-framework",
					"\"QuartzCore\"",
					"-framework",
					"\"Security\"",
					"-framework",
					"\"UIKit\"",
				);
				PRODUCT_BUNDLE_IDENTIFIER = io.agora.api.examples;
				PRODUCT_NAME = "$(TARGET_NAME)";
				PROVISIONING_PROFILE_SPECIFIER = "";
				SWIFT_OBJC_BRIDGING_HEADER = "Source/APIExample-Bridging-Header.h";
				SWIFT_OPTIMIZATION_LEVEL = "-Onone";
				SWIFT_VERSION = 5.0;
				TARGETED_DEVICE_FAMILY = "1,2";
			};
			name = Debug;
		};
		03D13BF82448758C00B599B3 /* Release */ = {
			isa = XCBuildConfiguration;
			baseConfigurationReference = BAA51FBBA962284FF83DC2E3 /* Pods-VoiceChat-With-Local-Recording.release.xcconfig */;
			buildSettings = {
				ALWAYS_EMBED_SWIFT_STANDARD_LIBRARIES = YES;
				APPLICATION_EXTENSION_API_ONLY = NO;
				ASSETCATALOG_COMPILER_APPICON_NAME = AppIcon;
				CLANG_ENABLE_MODULES = YES;
				CODE_SIGN_ENTITLEMENTS = "";
				CODE_SIGN_IDENTITY = "Apple Development";
				CODE_SIGN_STYLE = Automatic;
				CURRENT_PROJECT_VERSION = 2;
				DEVELOPMENT_TEAM = YA2UGUMBAM;
				ENABLE_BITCODE = NO;
				FRAMEWORK_SEARCH_PATHS = (
					"$(inherited)",
					"$(PROJECT_DIR)/APIExample",
				);
				INFOPLIST_FILE = Source/Info.plist;
				IPHONEOS_DEPLOYMENT_TARGET = 15.0;
				LD_RUNPATH_SEARCH_PATHS = (
					"$(inherited)",
					"@executable_path/Frameworks",
				);
				MARKETING_VERSION = 4.0.0;
				OTHER_LDFLAGS = (
					"$(inherited)",
					"-ObjC",
					"-l\"stdc++\"",
					"-framework",
					"\"AGEVideoLayout\"",
					"-framework",
					"\"AVFoundation\"",
					"-framework",
					"\"Accelerate\"",
					"-framework",
					"\"AgoraRtcKit\"",
					"-framework",
					"\"AssetsLibrary\"",
					"-framework",
					"\"CFNetwork\"",
					"-framework",
					"\"CoreGraphics\"",
					"-framework",
					"\"CoreImage\"",
					"-framework",
					"\"CoreMedia\"",
					"-framework",
					"\"CoreVideo\"",
					"-framework",
					"\"Foundation\"",
					"-framework",
					"\"QuartzCore\"",
					"-framework",
					"\"Security\"",
					"-framework",
					"\"UIKit\"",
				);
				PRODUCT_BUNDLE_IDENTIFIER = io.agora.api.examples;
				PRODUCT_NAME = "$(TARGET_NAME)";
				PROVISIONING_PROFILE_SPECIFIER = "";
				SWIFT_OBJC_BRIDGING_HEADER = "Source/APIExample-Bridging-Header.h";
				SWIFT_VERSION = 5.0;
				TARGETED_DEVICE_FAMILY = "1,2";
			};
			name = Release;
		};
/* End XCBuildConfiguration section */

/* Begin XCConfigurationList section */
		03D13BC72448758900B599B3 /* Build configuration list for PBXProject "VoiceChat-With-Local-Recording" */ = {
			isa = XCConfigurationList;
			buildConfigurations = (
				03D13BF42448758C00B599B3 /* Debug */,
				03D13BF52448758C00B599B3 /* Release */,
			);
			defaultConfigurationIsVisible = 0;
			defaultConfigurationName = Release;
		};
		03D13BF62448758C00B599B3 /* Build configuration list for PBXNativeTarget "VoiceChat-With-Local-Recording" */ = {
			isa = XCConfigurationList;
			buildConfigurations = (
				03D13BF72448758C00B599B3 /* Debug */,
				03D13BF82448758C00B599B3 /* Release */,
			);
			defaultConfigurationIsVisible = 0;
			defaultConfigurationName = Release;
		};
/* End XCConfigurationList section */
	};
	rootObject = 03D13BC42448758900B599B3 /* Project object */;
}
